
Microsoft Visual Studio Solution File, Format Version 12.00
# Visual Studio Version 16
VisualStudioVersion = 25.0.1700.0
MinimumVisualStudioVersion = 10.0.40219.1
Project("{FAE04EC0-301F-11D3-BF4B-00C04F79EFBC}") = "HoneyRyderTask.Presentation", "HoneyRyderTask.Presentation\HoneyRyderTask.Presentation.csproj", "{59332AD6-2F4C-4BDE-8C88-2B16A95F2663}"
EndProject
Project("{FAE04EC0-301F-11D3-BF4B-00C04F79EFBC}") = "HoneyRyderTask.Domain", "HoneyRyderTask.Domain\HoneyRyderTask.Domain.csproj", "{AE30D853-43F4-4E58-BCCF-F7DD08DDFF43}"
EndProject
Project("{FAE04EC0-301F-11D3-BF4B-00C04F79EFBC}") = "HoneyRyderTask.UseCase", "HoneyRyderTask.UseCase\HoneyRyderTask.UseCase.csproj", "{A7F061C6-DCDF-425B-8400-B04C42E2D085}"
EndProject
Project("{FAE04EC0-301F-11D3-BF4B-00C04F79EFBC}") = "HoneyRyderTask.Infrastructure.PostgreSQL", "HoneyRyderTask.Infrastructure.PostgreSQL\HoneyRyderTask.Infrastructure.PostgreSQL.csproj", "{60799BB8-2DB0-470D-8684-59FD3F8C7385}"
EndProject
Global
	GlobalSection(SolutionConfigurationPlatforms) = preSolution
		Debug|Any CPU = Debug|Any CPU
		Release|Any CPU = Release|Any CPU
	EndGlobalSection
	GlobalSection(ProjectConfigurationPlatforms) = postSolution
		{59332AD6-2F4C-4BDE-8C88-2B16A95F2663}.Debug|Any CPU.ActiveCfg = Debug|Any CPU
		{59332AD6-2F4C-4BDE-8C88-2B16A95F2663}.Debug|Any CPU.Build.0 = Debug|Any CPU
		{59332AD6-2F4C-4BDE-8C88-2B16A95F2663}.Release|Any CPU.ActiveCfg = Release|Any CPU
		{59332AD6-2F4C-4BDE-8C88-2B16A95F2663}.Release|Any CPU.Build.0 = Release|Any CPU
		{AE30D853-43F4-4E58-BCCF-F7DD08DDFF43}.Debug|Any CPU.ActiveCfg = Debug|Any CPU
		{AE30D853-43F4-4E58-BCCF-F7DD08DDFF43}.Debug|Any CPU.Build.0 = Debug|Any CPU
		{AE30D853-43F4-4E58-BCCF-F7DD08DDFF43}.Release|Any CPU.ActiveCfg = Release|Any CPU
		{AE30D853-43F4-4E58-BCCF-F7DD08DDFF43}.Release|Any CPU.Build.0 = Release|Any CPU
		{A7F061C6-DCDF-425B-8400-B04C42E2D085}.Debug|Any CPU.ActiveCfg = Debug|Any CPU
		{A7F061C6-DCDF-425B-8400-B04C42E2D085}.Debug|Any CPU.Build.0 = Debug|Any CPU
		{A7F061C6-DCDF-425B-8400-B04C42E2D085}.Release|Any CPU.ActiveCfg = Release|Any CPU
		{A7F061C6-DCDF-425B-8400-B04C42E2D085}.Release|Any CPU.Build.0 = Release|Any CPU
		{60799BB8-2DB0-470D-8684-59FD3F8C7385}.Debug|Any CPU.ActiveCfg = Debug|Any CPU
		{60799BB8-2DB0-470D-8684-59FD3F8C7385}.Debug|Any CPU.Build.0 = Debug|Any CPU
		{60799BB8-2DB0-470D-8684-59FD3F8C7385}.Release|Any CPU.ActiveCfg = Release|Any CPU
		{60799BB8-2DB0-470D-8684-59FD3F8C7385}.Release|Any CPU.Build.0 = Release|Any CPU
	EndGlobalSection
	GlobalSection(SolutionProperties) = preSolution
		HideSolutionNode = FALSE
	EndGlobalSection
	GlobalSection(ExtensibilityGlobals) = postSolution
		SolutionGuid = {B4C70FEF-ED3C-44EB-9103-573FE9B64229}
	EndGlobalSection
EndGlobal
